<?xml version="1.0" encoding="utf-8"?>
<Project ToolsVersion="4.0" xmlns="http://schemas.microsoft.com/developer/msbuild/2003">
  <ItemGroup>
    <Filter Include="Quelldateien">
      <UniqueIdentifier>{4FC737F1-C7A5-4376-A066-2A32D752A2FF}</UniqueIdentifier>
      <Extensions>cpp;c;cc;cxx;def;odl;idl;hpj;bat;asm;asmx</Extensions>
    </Filter>
    <Filter Include="Headerdateien">
      <UniqueIdentifier>{93995380-89BD-4b04-88EB-625FBE52EBFB}</UniqueIdentifier>
      <Extensions>h;hpp;hxx;hm;inl;inc;xsd</Extensions>
    </Filter>
    <Filter Include="Ressourcendateien">
      <UniqueIdentifier>{67DA6AB6-F800-4c08-8B7A-83BB121AAD01}</UniqueIdentifier>
      <Extensions>rc;ico;cur;bmp;dlg;rc2;rct;bin;rgs;gif;jpg;jpeg;jpe;resx;tiff;tif;png;wav;mfcribbon-ms</Extensions>
    </Filter>
    <Filter Include="Quelldateien\SDK">
      <UniqueIdentifier>{1706c009-5c8d-414b-9547-f84bbf8319a9}</UniqueIdentifier>
    </Filter>
  </ItemGroup>
  <ItemGroup>
    <ClCompile Include="sdk\EZ_LCD.cpp">
      <Filter>Quelldateien\SDK</Filter>
    </ClCompile>
    <ClCompile Include="sdk\EZ_LCD_Page.cpp">
      <Filter>Quelldateien\SDK</Filter>
    </ClCompile>
    <ClCompile Include="sdk\LCDUI\LCDAnimatedBitmap.cpp">
      <Filter>Quelldateien\SDK</Filter>
    </ClCompile>
    <ClCompile Include="sdk\LCDUI\LCDBase.cpp">
      <Filter>Quelldateien\SDK</Filter>
    </ClCompile>
    <ClCompile Include="sdk\LCDUI\LCDBitmap.cpp">
      <Filter>Quelldateien\SDK</Filter>
    </ClCompile>
    <ClCompile Include="sdk\LCDUI\LCDCollection.cpp">
      <Filter>Quelldateien\SDK</Filter>
    </ClCompile>
    <ClCompile Include="sdk\LCDUI\LCDColorProgressBar.cpp">
      <Filter>Quelldateien\SDK</Filter>
    </ClCompile>
    <ClCompile Include="sdk\LCDUI\LCDColorText.cpp">
      <Filter>Quelldateien\SDK</Filter>
    </ClCompile>
    <ClCompile Include="sdk\LCDUI\LCDConnection.cpp">
      <Filter>Quelldateien\SDK</Filter>
    </ClCompile>
    <ClCompile Include="sdk\LCDUI\LCDGfxBase.cpp">
      <Filter>Quelldateien\SDK</Filter>
    </ClCompile>
    <ClCompile Include="sdk\LCDUI\LCDGfxColor.cpp">
      <Filter>Quelldateien\SDK</Filter>
    </ClCompile>
    <ClCompile Include="sdk\LCDUI\LCDGfxMono.cpp">
      <Filter>Quelldateien\SDK</Filter>
    </ClCompile>
    <ClCompile Include="sdk\LCDUI\LCDIcon.cpp">
      <Filter>Quelldateien\SDK</Filter>
    </ClCompile>
    <ClCompile Include="sdk\LCDUI\LCDOutput.cpp">
      <Filter>Quelldateien\SDK</Filter>
    </ClCompile>
    <ClCompile Include="sdk\LCDUI\LCDPage.cpp">
      <Filter>Quelldateien\SDK</Filter>
    </ClCompile>
    <ClCompile Include="sdk\LCDUI\LCDPaginateText.cpp">
      <Filter>Quelldateien\SDK</Filter>
    </ClCompile>
    <ClCompile Include="sdk\LCDUI\LCDPopup.cpp">
      <Filter>Quelldateien\SDK</Filter>
    </ClCompile>
    <ClCompile Include="sdk\LCDUI\LCDProgressBar.cpp">
      <Filter>Quelldateien\SDK</Filter>
    </ClCompile>
    <ClCompile Include="sdk\LCDUI\LCDScrollingText.cpp">
      <Filter>Quelldateien\SDK</Filter>
    </ClCompile>
    <ClCompile Include="sdk\LCDUI\LCDSkinnedProgressBar.cpp">
      <Filter>Quelldateien\SDK</Filter>
    </ClCompile>
    <ClCompile Include="sdk\LCDUI\LCDStreamingText.cpp">
      <Filter>Quelldateien\SDK</Filter>
    </ClCompile>
    <ClCompile Include="sdk\LCDUI\LCDText.cpp">
      <Filter>Quelldateien\SDK</Filter>
    </ClCompile>
    <ClCompile Include="sdk\LCDUI\pch.cpp">
      <Filter>Quelldateien\SDK</Filter>
    </ClCompile>
    <ClCompile Include="g15sdkwrapper_windows.cpp">
      <Filter>Quelldateien</Filter>
    </ClCompile>
  </ItemGroup>
  <ItemGroup>
    <ClInclude Include="g15sdkwrapper.h">
      <Filter>Quelldateien</Filter>
    </ClInclude>
  </ItemGroup>
</Project>